// !$*UTF8*$!
{
	archiveVersion = 1;
	classes = {
	};
	objectVersion = 55;
	objects = {

/* Begin PBXBuildFile section */
		0E9D8119DA9B6B482D6C8369 /* Domain.framework in Frameworks */ = {isa = PBXBuildFile; fileRef = 1B3D5DB9950CDE1A23BF4E9C /* Domain.framework */; };
		2DC190B205188D706450CA2D /* RxSwift_RxCocoa.bundle in Dependencies */ = {isa = PBXBuildFile; fileRef = 669C683FF76A068104A96569 /* RxSwift_RxCocoa.bundle */; };
		3827743B482782A59BD212FE /* RxSwift_RxCocoaRuntime.bundle in Dependencies */ = {isa = PBXBuildFile; fileRef = 35F9FAFD3EF422BFBB217084 /* RxSwift_RxCocoaRuntime.bundle */; };
		39ED96B08EEEEF5F4E6B73FE /* RxSwift.framework in Embed Frameworks */ = {isa = PBXBuildFile; fileRef = 40DD16264EB9B13B19BCD2A3 /* RxSwift.framework */; settings = {ATTRIBUTES = (CodeSignOnCopy, RemoveHeadersOnCopy, ); }; };
		3E79D0F8DC10AE42FF8440EE /* Data.framework in Frameworks */ = {isa = PBXBuildFile; fileRef = 10CAD3290D0AF1DEC9FFBD37 /* Data.framework */; };
		4FC9D1A765663516FA16139C /* Swinject.framework in Embed Frameworks */ = {isa = PBXBuildFile; fileRef = 9312F36455B0FD706218990E /* Swinject.framework */; settings = {ATTRIBUTES = (CodeSignOnCopy, RemoveHeadersOnCopy, ); }; };
		570763156BAD694F024DC5F3 /* Common.framework in Embed Frameworks */ = {isa = PBXBuildFile; fileRef = 818F60842BF775DFEED5E42A /* Common.framework */; settings = {ATTRIBUTES = (CodeSignOnCopy, RemoveHeadersOnCopy, ); }; };
		63894AE0817CDF7E53D5DAF0 /* RxSwift_RxRelay.bundle in Resources */ = {isa = PBXBuildFile; fileRef = C62C3BF863DCAF748F1E4977 /* RxSwift_RxRelay.bundle */; };
		6F8B54F555C76F634B953FEE /* Data.framework in Embed Frameworks */ = {isa = PBXBuildFile; fileRef = 10CAD3290D0AF1DEC9FFBD37 /* Data.framework */; settings = {ATTRIBUTES = (CodeSignOnCopy, RemoveHeadersOnCopy, ); }; };
		73B3D2A95937C9054EADA4F4 /* CommonUI.framework in Embed Frameworks */ = {isa = PBXBuildFile; fileRef = EE25838BFF9F96EEC3E67033 /* CommonUI.framework */; settings = {ATTRIBUTES = (CodeSignOnCopy, RemoveHeadersOnCopy, ); }; };
		7627E7E1DC84AEC4BBBD6A7A /* RxSwift_RxRelay.bundle in Dependencies */ = {isa = PBXBuildFile; fileRef = C62C3BF863DCAF748F1E4977 /* RxSwift_RxRelay.bundle */; };
		84BE4370C503A20FAD8EC8EC /* Domain.framework in Embed Frameworks */ = {isa = PBXBuildFile; fileRef = 1B3D5DB9950CDE1A23BF4E9C /* Domain.framework */; settings = {ATTRIBUTES = (CodeSignOnCopy, RemoveHeadersOnCopy, ); }; };
		893E46C40F077C4F273EDC15 /* SnapKit.framework in Embed Frameworks */ = {isa = PBXBuildFile; fileRef = B630232598D778D11EF5B218 /* SnapKit.framework */; settings = {ATTRIBUTES = (CodeSignOnCopy, RemoveHeadersOnCopy, ); }; };
		89B7607D29CA1C0381613F27 /* Then.framework in Embed Frameworks */ = {isa = PBXBuildFile; fileRef = D0C4DD166AF29FBBA642DAB8 /* Then.framework */; settings = {ATTRIBUTES = (CodeSignOnCopy, RemoveHeadersOnCopy, ); }; };
		B6420FD6938FC360F4152AEB /* Swinject.framework in Frameworks */ = {isa = PBXBuildFile; fileRef = 9312F36455B0FD706218990E /* Swinject.framework */; };
		BA186BA430F6B607AE725D02 /* RxSwift_RxCocoa.bundle in Resources */ = {isa = PBXBuildFile; fileRef = 669C683FF76A068104A96569 /* RxSwift_RxCocoa.bundle */; };
		C49564A194BAF4AC56932981 /* Alamofire.framework in Embed Frameworks */ = {isa = PBXBuildFile; fileRef = 965C4F4715B3B58BCB4726F5 /* Alamofire.framework */; settings = {ATTRIBUTES = (CodeSignOnCopy, RemoveHeadersOnCopy, ); }; };
		C996F9B83F2241C53DD5F3DB /* MyPage.framework in Embed Frameworks */ = {isa = PBXBuildFile; fileRef = E6C75BDDB54022C986F94D9D /* MyPage.framework */; settings = {ATTRIBUTES = (CodeSignOnCopy, RemoveHeadersOnCopy, ); }; };
		DC7E823412300B6A6D3BDE97 /* RxSwift_RxCocoaRuntime.bundle in Resources */ = {isa = PBXBuildFile; fileRef = 35F9FAFD3EF422BFBB217084 /* RxSwift_RxCocoaRuntime.bundle */; };
		F5744A662709284715B5EA84 /* MyPage.framework in Frameworks */ = {isa = PBXBuildFile; fileRef = E6C75BDDB54022C986F94D9D /* MyPage.framework */; };
/* End PBXBuildFile section */

/* Begin PBXContainerItemProxy section */
		DA59DA67D10D594AC3EBFD79 /* PBXContainerItemProxy */ = {
			isa = PBXContainerItemProxy;
			containerPortal = F7C7102BB2A943309E31D2BC /* Project object */;
			proxyType = 1;
			remoteGlobalIDString = 040D04D2861370F8DEF26C54;
			remoteInfo = MyPageDemoApp;
		};
/* End PBXContainerItemProxy section */

/* Begin PBXCopyFilesBuildPhase section */
		1C0798347918E4E4D81A4F47 /* Dependencies */ = {
			isa = PBXCopyFilesBuildPhase;
			buildActionMask = 8;
			dstSubfolderSpec = 16;
			files = (
				2DC190B205188D706450CA2D /* RxSwift_RxCocoa.bundle in Dependencies */,
				3827743B482782A59BD212FE /* RxSwift_RxCocoaRuntime.bundle in Dependencies */,
				7627E7E1DC84AEC4BBBD6A7A /* RxSwift_RxRelay.bundle in Dependencies */,
			);
			name = Dependencies;
			runOnlyForDeploymentPostprocessing = 1;
		};
		A38F1A864399F9423B7AAB66 /* Embed Frameworks */ = {
			isa = PBXCopyFilesBuildPhase;
			buildActionMask = 2147483647;
			dstPath = "";
			dstSubfolderSpec = 10;
			files = (
				C49564A194BAF4AC56932981 /* Alamofire.framework in Embed Frameworks */,
				570763156BAD694F024DC5F3 /* Common.framework in Embed Frameworks */,
				73B3D2A95937C9054EADA4F4 /* CommonUI.framework in Embed Frameworks */,
				6F8B54F555C76F634B953FEE /* Data.framework in Embed Frameworks */,
				84BE4370C503A20FAD8EC8EC /* Domain.framework in Embed Frameworks */,
				C996F9B83F2241C53DD5F3DB /* MyPage.framework in Embed Frameworks */,
				39ED96B08EEEEF5F4E6B73FE /* RxSwift.framework in Embed Frameworks */,
				893E46C40F077C4F273EDC15 /* SnapKit.framework in Embed Frameworks */,
				4FC9D1A765663516FA16139C /* Swinject.framework in Embed Frameworks */,
				89B7607D29CA1C0381613F27 /* Then.framework in Embed Frameworks */,
			);
			name = "Embed Frameworks";
			runOnlyForDeploymentPostprocessing = 0;
		};
		C8B280ADF73E2BDF64F748F4 /* Embed Frameworks */ = {
			isa = PBXCopyFilesBuildPhase;
			buildActionMask = 2147483647;
			dstPath = "";
			dstSubfolderSpec = 10;
			files = (
			);
			name = "Embed Frameworks";
			runOnlyForDeploymentPostprocessing = 0;
		};
/* End PBXCopyFilesBuildPhase section */

/* Begin PBXFileReference section */
		10CAD3290D0AF1DEC9FFBD37 /* Data.framework */ = {isa = PBXFileReference; explicitFileType = wrapper.framework; includeInIndex = 0; path = Data.framework; sourceTree = BUILT_PRODUCTS_DIR; };
		1B3D5DB9950CDE1A23BF4E9C /* Domain.framework */ = {isa = PBXFileReference; explicitFileType = wrapper.framework; includeInIndex = 0; path = Domain.framework; sourceTree = BUILT_PRODUCTS_DIR; };
		35F9FAFD3EF422BFBB217084 /* RxSwift_RxCocoaRuntime.bundle */ = {isa = PBXFileReference; explicitFileType = wrapper.cfbundle; includeInIndex = 0; path = RxSwift_RxCocoaRuntime.bundle; sourceTree = BUILT_PRODUCTS_DIR; };
		40DD16264EB9B13B19BCD2A3 /* RxSwift.framework */ = {isa = PBXFileReference; explicitFileType = wrapper.framework; includeInIndex = 0; path = RxSwift.framework; sourceTree = BUILT_PRODUCTS_DIR; };
		58EE8C71B7FEE1BEBEEA1D91 /* MyPageDemoAppTests-Info.plist */ = {isa = PBXFileReference; lastKnownFileType = text.plist; path = "MyPageDemoAppTests-Info.plist"; sourceTree = "<group>"; };
		669C683FF76A068104A96569 /* RxSwift_RxCocoa.bundle */ = {isa = PBXFileReference; explicitFileType = wrapper.cfbundle; includeInIndex = 0; path = RxSwift_RxCocoa.bundle; sourceTree = BUILT_PRODUCTS_DIR; };
		6DA25D98E25324419EA9177B /* MyPageDemoAppTests.xctest */ = {isa = PBXFileReference; explicitFileType = wrapper.cfbundle; includeInIndex = 0; path = MyPageDemoAppTests.xctest; sourceTree = BUILT_PRODUCTS_DIR; };
		72B6CB09B7E2FC78971B4333 /* MyPageDemoApp-Info.plist */ = {isa = PBXFileReference; lastKnownFileType = text.plist; path = "MyPageDemoApp-Info.plist"; sourceTree = "<group>"; };
		7E766A4921D542D93E506A65 /* MyPageDemoApp.app */ = {isa = PBXFileReference; explicitFileType = wrapper.application; includeInIndex = 0; path = MyPageDemoApp.app; sourceTree = BUILT_PRODUCTS_DIR; };
		818F60842BF775DFEED5E42A /* Common.framework */ = {isa = PBXFileReference; explicitFileType = wrapper.framework; includeInIndex = 0; path = Common.framework; sourceTree = BUILT_PRODUCTS_DIR; };
		9312F36455B0FD706218990E /* Swinject.framework */ = {isa = PBXFileReference; explicitFileType = wrapper.framework; includeInIndex = 0; path = Swinject.framework; sourceTree = BUILT_PRODUCTS_DIR; };
		965C4F4715B3B58BCB4726F5 /* Alamofire.framework */ = {isa = PBXFileReference; explicitFileType = wrapper.framework; includeInIndex = 0; path = Alamofire.framework; sourceTree = BUILT_PRODUCTS_DIR; };
		B630232598D778D11EF5B218 /* SnapKit.framework */ = {isa = PBXFileReference; explicitFileType = wrapper.framework; includeInIndex = 0; path = SnapKit.framework; sourceTree = BUILT_PRODUCTS_DIR; };
		C62C3BF863DCAF748F1E4977 /* RxSwift_RxRelay.bundle */ = {isa = PBXFileReference; explicitFileType = wrapper.cfbundle; includeInIndex = 0; path = RxSwift_RxRelay.bundle; sourceTree = BUILT_PRODUCTS_DIR; };
		D0C4DD166AF29FBBA642DAB8 /* Then.framework */ = {isa = PBXFileReference; explicitFileType = wrapper.framework; includeInIndex = 0; path = Then.framework; sourceTree = BUILT_PRODUCTS_DIR; };
		E6C75BDDB54022C986F94D9D /* MyPage.framework */ = {isa = PBXFileReference; explicitFileType = wrapper.framework; includeInIndex = 0; path = MyPage.framework; sourceTree = BUILT_PRODUCTS_DIR; };
		EE25838BFF9F96EEC3E67033 /* CommonUI.framework */ = {isa = PBXFileReference; explicitFileType = wrapper.framework; includeInIndex = 0; path = CommonUI.framework; sourceTree = BUILT_PRODUCTS_DIR; };
/* End PBXFileReference section */

/* Begin PBXFrameworksBuildPhase section */
		9E83AD87CC2FC754ACD953E4 /* Frameworks */ = {
			isa = PBXFrameworksBuildPhase;
			buildActionMask = 2147483647;
			files = (
			);
			runOnlyForDeploymentPostprocessing = 0;
		};
		F59277B928659CBFE7F730DB /* Frameworks */ = {
			isa = PBXFrameworksBuildPhase;
			buildActionMask = 2147483647;
			files = (
				3E79D0F8DC10AE42FF8440EE /* Data.framework in Frameworks */,
				0E9D8119DA9B6B482D6C8369 /* Domain.framework in Frameworks */,
				F5744A662709284715B5EA84 /* MyPage.framework in Frameworks */,
				B6420FD6938FC360F4152AEB /* Swinject.framework in Frameworks */,
			);
			runOnlyForDeploymentPostprocessing = 0;
		};
/* End PBXFrameworksBuildPhase section */

/* Begin PBXGroup section */
		707D159F54C27BC68A2BA904 /* Derived */ = {
			isa = PBXGroup;
			children = (
				F0BDBEF69115A95E21772F41 /* InfoPlists */,
			);
			path = Derived;
			sourceTree = "<group>";
		};
		7B7C229FB8B03EC5F67AD337 = {
			isa = PBXGroup;
			children = (
				B8A17D9221A4F1B351B3DC93 /* Project */,
				822A5590401D581A45590F6B /* Products */,
			);
			sourceTree = "<group>";
		};
		822A5590401D581A45590F6B /* Products */ = {
			isa = PBXGroup;
			children = (
				965C4F4715B3B58BCB4726F5 /* Alamofire.framework */,
				818F60842BF775DFEED5E42A /* Common.framework */,
				EE25838BFF9F96EEC3E67033 /* CommonUI.framework */,
				10CAD3290D0AF1DEC9FFBD37 /* Data.framework */,
				1B3D5DB9950CDE1A23BF4E9C /* Domain.framework */,
				E6C75BDDB54022C986F94D9D /* MyPage.framework */,
				7E766A4921D542D93E506A65 /* MyPageDemoApp.app */,
				6DA25D98E25324419EA9177B /* MyPageDemoAppTests.xctest */,
				669C683FF76A068104A96569 /* RxSwift_RxCocoa.bundle */,
				35F9FAFD3EF422BFBB217084 /* RxSwift_RxCocoaRuntime.bundle */,
				C62C3BF863DCAF748F1E4977 /* RxSwift_RxRelay.bundle */,
				40DD16264EB9B13B19BCD2A3 /* RxSwift.framework */,
				B630232598D778D11EF5B218 /* SnapKit.framework */,
				9312F36455B0FD706218990E /* Swinject.framework */,
				D0C4DD166AF29FBBA642DAB8 /* Then.framework */,
			);
			name = Products;
			sourceTree = "<group>";
		};
		B8A17D9221A4F1B351B3DC93 /* Project */ = {
			isa = PBXGroup;
			children = (
				707D159F54C27BC68A2BA904 /* Derived */,
			);
			name = Project;
			sourceTree = "<group>";
		};
		F0BDBEF69115A95E21772F41 /* InfoPlists */ = {
			isa = PBXGroup;
			children = (
				72B6CB09B7E2FC78971B4333 /* MyPageDemoApp-Info.plist */,
				58EE8C71B7FEE1BEBEEA1D91 /* MyPageDemoAppTests-Info.plist */,
			);
			path = InfoPlists;
			sourceTree = "<group>";
		};
/* End PBXGroup section */

/* Begin PBXNativeTarget section */
		040D04D2861370F8DEF26C54 /* MyPageDemoApp */ = {
			isa = PBXNativeTarget;
			buildConfigurationList = F523D74600E7B2FEE5CF5417 /* Build configuration list for PBXNativeTarget "MyPageDemoApp" */;
			buildPhases = (
				C7CC7863538694B791C8C0C5 /* Resources */,
				F59277B928659CBFE7F730DB /* Frameworks */,
				A38F1A864399F9423B7AAB66 /* Embed Frameworks */,
				1C0798347918E4E4D81A4F47 /* Dependencies */,
			);
			buildRules = (
			);
			dependencies = (
			);
			name = MyPageDemoApp;
			packageProductDependencies = (
			);
			productName = MyPageDemoApp;
			productReference = 7E766A4921D542D93E506A65 /* MyPageDemoApp.app */;
			productType = "com.apple.product-type.application";
		};
		2FA799780E206093313B051C /* MyPageDemoAppTests */ = {
			isa = PBXNativeTarget;
			buildConfigurationList = 420C0019C4A8156663E87B0A /* Build configuration list for PBXNativeTarget "MyPageDemoAppTests" */;
			buildPhases = (
				472E7BBE54F7109C90FBAA4D /* Sources */,
				7FB430B50A36EE72EE2249B7 /* Resources */,
				9E83AD87CC2FC754ACD953E4 /* Frameworks */,
				C8B280ADF73E2BDF64F748F4 /* Embed Frameworks */,
			);
			buildRules = (
			);
			dependencies = (
				F6BD00FFA8BA3180EE3A548A /* PBXTargetDependency */,
			);
			name = MyPageDemoAppTests;
			packageProductDependencies = (
			);
			productName = MyPageDemoAppTests;
			productReference = 6DA25D98E25324419EA9177B /* MyPageDemoAppTests.xctest */;
			productType = "com.apple.product-type.bundle.unit-test";
		};
/* End PBXNativeTarget section */

/* Begin PBXProject section */
		F7C7102BB2A943309E31D2BC /* Project object */ = {
			isa = PBXProject;
			attributes = {
				BuildIndependentTargetsInParallel = YES;
				TargetAttributes = {
					2FA799780E206093313B051C = {
						TestTargetID = 040D04D2861370F8DEF26C54;
					};
				};
			};
			buildConfigurationList = B7D1C99AA4FB287199412505 /* Build configuration list for PBXProject "MyPageDemoApp" */;
			compatibilityVersion = "Xcode 14.0";
			developmentRegion = en;
			hasScannedForEncodings = 0;
			knownRegions = (
				Base,
				en,
			);
			mainGroup = 7B7C229FB8B03EC5F67AD337;
			productRefGroup = 822A5590401D581A45590F6B /* Products */;
			projectDirPath = "";
			projectRoot = "";
			targets = (
				040D04D2861370F8DEF26C54 /* MyPageDemoApp */,
				2FA799780E206093313B051C /* MyPageDemoAppTests */,
			);
		};
/* End PBXProject section */

/* Begin PBXResourcesBuildPhase section */
		7FB430B50A36EE72EE2249B7 /* Resources */ = {
			isa = PBXResourcesBuildPhase;
			buildActionMask = 2147483647;
			files = (
			);
			runOnlyForDeploymentPostprocessing = 0;
		};
		C7CC7863538694B791C8C0C5 /* Resources */ = {
			isa = PBXResourcesBuildPhase;
			buildActionMask = 2147483647;
			files = (
				BA186BA430F6B607AE725D02 /* RxSwift_RxCocoa.bundle in Resources */,
				DC7E823412300B6A6D3BDE97 /* RxSwift_RxCocoaRuntime.bundle in Resources */,
				63894AE0817CDF7E53D5DAF0 /* RxSwift_RxRelay.bundle in Resources */,
			);
			runOnlyForDeploymentPostprocessing = 0;
		};
/* End PBXResourcesBuildPhase section */

/* Begin PBXSourcesBuildPhase section */
		472E7BBE54F7109C90FBAA4D /* Sources */ = {
			isa = PBXSourcesBuildPhase;
			buildActionMask = 2147483647;
			files = (
			);
			runOnlyForDeploymentPostprocessing = 0;
		};
/* End PBXSourcesBuildPhase section */

/* Begin PBXTargetDependency section */
		F6BD00FFA8BA3180EE3A548A /* PBXTargetDependency */ = {
			isa = PBXTargetDependency;
			name = MyPageDemoApp;
			target = 040D04D2861370F8DEF26C54 /* MyPageDemoApp */;
			targetProxy = DA59DA67D10D594AC3EBFD79 /* PBXContainerItemProxy */;
		};
/* End PBXTargetDependency section */

/* Begin XCBuildConfiguration section */
		37DB2E7EDCEB311291273E39 /* Release */ = {
			isa = XCBuildConfiguration;
			buildSettings = {
				ASSETCATALOG_COMPILER_APPICON_NAME = AppIcon;
				ASSETCATALOG_COMPILER_GLOBAL_ACCENT_COLOR_NAME = AccentColor;
				CODE_SIGN_IDENTITY = "iPhone Developer";
				ENABLE_PREVIEWS = YES;
				HEADER_SEARCH_PATHS = (
					"$(inherited)",
					"$(SRCROOT)/../../Tuist/.build/checkouts/FSCalendar/FSCalendar/include",
					"$(SRCROOT)/../../Tuist/.build/checkouts/RxSwift/Sources/RxCocoaRuntime/include",
				);
				INFOPLIST_FILE = "Derived/InfoPlists/MyPageDemoApp-Info.plist";
				LD_RUNPATH_SEARCH_PATHS = (
					"$(inherited)",
					"@executable_path/Frameworks",
				);
				OTHER_CFLAGS = (
					"$(inherited)",
					"-fmodule-map-file=$(SRCROOT)/../../Tuist/.build/checkouts/FSCalendar/FSCalendar/include/module.modulemap",
					"-fmodule-map-file=$(SRCROOT)/../../Tuist/.build/tuist-derived/RxCocoaRuntime/RxCocoaRuntime.modulemap",
				);
				OTHER_SWIFT_FLAGS = (
					"$(inherited)",
					"-Xcc",
					"-fmodule-map-file=$(SRCROOT)/../../Tuist/.build/checkouts/FSCalendar/FSCalendar/include/module.modulemap",
					"-Xcc",
					"-fmodule-map-file=$(SRCROOT)/../../Tuist/.build/tuist-derived/RxCocoaRuntime/RxCocoaRuntime.modulemap",
				);
				PRODUCT_BUNDLE_IDENTIFIER = io.tuist.MyPageDemoApp;
				PRODUCT_NAME = MyPageDemoApp;
				SDKROOT = iphoneos;
				SUPPORTS_MACCATALYST = NO;
				SUPPORTS_MAC_DESIGNED_FOR_IPHONE_IPAD = YES;
				SUPPORTS_XR_DESIGNED_FOR_IPHONE_IPAD = NO;
				SWIFT_COMPILATION_MODE = wholemodule;
				SWIFT_OPTIMIZATION_LEVEL = "-O";
				SWIFT_VERSION = 5.0;
				TARGETED_DEVICE_FAMILY = "1,2";
			};
			name = Release;
		};
		50398C814F68DC62001FBF79 /* Debug */ = {
			isa = XCBuildConfiguration;
			buildSettings = {
				ASSETCATALOG_COMPILER_APPICON_NAME = AppIcon;
				ASSETCATALOG_COMPILER_GLOBAL_ACCENT_COLOR_NAME = AccentColor;
				CODE_SIGN_IDENTITY = "iPhone Developer";
				ENABLE_PREVIEWS = YES;
				HEADER_SEARCH_PATHS = (
					"$(inherited)",
					"$(SRCROOT)/../../Tuist/.build/checkouts/FSCalendar/FSCalendar/include",
					"$(SRCROOT)/../../Tuist/.build/checkouts/RxSwift/Sources/RxCocoaRuntime/include",
				);
				INFOPLIST_FILE = "Derived/InfoPlists/MyPageDemoApp-Info.plist";
				LD_RUNPATH_SEARCH_PATHS = (
					"$(inherited)",
					"@executable_path/Frameworks",
				);
				OTHER_CFLAGS = (
					"$(inherited)",
					"-fmodule-map-file=$(SRCROOT)/../../Tuist/.build/checkouts/FSCalendar/FSCalendar/include/module.modulemap",
					"-fmodule-map-file=$(SRCROOT)/../../Tuist/.build/tuist-derived/RxCocoaRuntime/RxCocoaRuntime.modulemap",
				);
				OTHER_SWIFT_FLAGS = (
					"$(inherited)",
					"-Xcc",
					"-fmodule-map-file=$(SRCROOT)/../../Tuist/.build/checkouts/FSCalendar/FSCalendar/include/module.modulemap",
					"-Xcc",
					"-fmodule-map-file=$(SRCROOT)/../../Tuist/.build/tuist-derived/RxCocoaRuntime/RxCocoaRuntime.modulemap",
				);
				PRODUCT_BUNDLE_IDENTIFIER = io.tuist.MyPageDemoApp;
				PRODUCT_NAME = MyPageDemoApp;
				SDKROOT = iphoneos;
				SUPPORTS_MACCATALYST = NO;
				SUPPORTS_MAC_DESIGNED_FOR_IPHONE_IPAD = YES;
				SUPPORTS_XR_DESIGNED_FOR_IPHONE_IPAD = NO;
				SWIFT_ACTIVE_COMPILATION_CONDITIONS = (
					"$(inherited)",
					DEBUG,
				);
				SWIFT_COMPILATION_MODE = singlefile;
				SWIFT_OPTIMIZATION_LEVEL = "-Onone";
				SWIFT_VERSION = 5.0;
				TARGETED_DEVICE_FAMILY = "1,2";
			};
			name = Debug;
		};
		6411FB7D370AB35A46759AC3 /* Release */ = {
			isa = XCBuildConfiguration;
			buildSettings = {
				BUNDLE_LOADER = "$(TEST_HOST)";
				CODE_SIGN_IDENTITY = "iPhone Developer";
				HEADER_SEARCH_PATHS = (
					"$(inherited)",
					"$(SRCROOT)/../../Tuist/.build/checkouts/FSCalendar/FSCalendar/include",
					"$(SRCROOT)/../../Tuist/.build/checkouts/RxSwift/Sources/RxCocoaRuntime/include",
				);
				INFOPLIST_FILE = "Derived/InfoPlists/MyPageDemoAppTests-Info.plist";
				LD_RUNPATH_SEARCH_PATHS = (
					"$(inherited)",
					"@executable_path/Frameworks",
					"@loader_path/Frameworks",
				);
				OTHER_CFLAGS = (
					"$(inherited)",
					"-fmodule-map-file=$(SRCROOT)/../../Tuist/.build/checkouts/FSCalendar/FSCalendar/include/module.modulemap",
					"-fmodule-map-file=$(SRCROOT)/../../Tuist/.build/tuist-derived/RxCocoaRuntime/RxCocoaRuntime.modulemap",
				);
				OTHER_SWIFT_FLAGS = (
					"$(inherited)",
					"-Xcc",
					"-fmodule-map-file=$(SRCROOT)/../../Tuist/.build/checkouts/FSCalendar/FSCalendar/include/module.modulemap",
					"-Xcc",
					"-fmodule-map-file=$(SRCROOT)/../../Tuist/.build/tuist-derived/RxCocoaRuntime/RxCocoaRuntime.modulemap",
				);
				PRODUCT_BUNDLE_IDENTIFIER = io.tuist.MyPageDemoAppTests;
				PRODUCT_NAME = MyPageDemoAppTests;
				SDKROOT = iphoneos;
				SUPPORTS_MACCATALYST = NO;
				SUPPORTS_MAC_DESIGNED_FOR_IPHONE_IPAD = YES;
				SUPPORTS_XR_DESIGNED_FOR_IPHONE_IPAD = NO;
				SWIFT_COMPILATION_MODE = wholemodule;
				SWIFT_OPTIMIZATION_LEVEL = "-O";
				SWIFT_VERSION = 5.0;
				TARGETED_DEVICE_FAMILY = "1,2";
				TEST_HOST = "$(BUILT_PRODUCTS_DIR)/MyPageDemoApp.app/$(BUNDLE_EXECUTABLE_FOLDER_PATH)/MyPageDemoApp";
				TEST_TARGET_NAME = MyPageDemoApp;
			};
			name = Release;
		};
		6AD930E5E36CBE15D6EEF790 /* Debug */ = {
			isa = XCBuildConfiguration;
			buildSettings = {
				ALWAYS_SEARCH_USER_PATHS = NO;
				CLANG_ANALYZER_LOCALIZABILITY_NONLOCALIZED = YES;
				CLANG_ANALYZER_NONNULL = YES;
				CLANG_ANALYZER_NUMBER_OBJECT_CONVERSION = YES_AGGRESSIVE;
				CLANG_CXX_LANGUAGE_STANDARD = "gnu++14";
				CLANG_CXX_LIBRARY = "libc++";
				CLANG_ENABLE_MODULES = YES;
				CLANG_ENABLE_OBJC_ARC = YES;
				CLANG_ENABLE_OBJC_WEAK = YES;
				CLANG_WARN_BLOCK_CAPTURE_AUTORELEASING = YES;
				CLANG_WARN_BOOL_CONVERSION = YES;
				CLANG_WARN_COMMA = YES;
				CLANG_WARN_CONSTANT_CONVERSION = YES;
				CLANG_WARN_DEPRECATED_OBJC_IMPLEMENTATIONS = YES;
				CLANG_WARN_DIRECT_OBJC_ISA_USAGE = YES_ERROR;
				CLANG_WARN_DOCUMENTATION_COMMENTS = YES;
				CLANG_WARN_EMPTY_BODY = YES;
				CLANG_WARN_ENUM_CONVERSION = YES;
				CLANG_WARN_INFINITE_RECURSION = YES;
				CLANG_WARN_INT_CONVERSION = YES;
				CLANG_WARN_NON_LITERAL_NULL_CONVERSION = YES;
				CLANG_WARN_OBJC_IMPLICIT_RETAIN_SELF = YES;
				CLANG_WARN_OBJC_LITERAL_CONVERSION = YES;
				CLANG_WARN_OBJC_ROOT_CLASS = YES_ERROR;
				CLANG_WARN_QUOTED_INCLUDE_IN_FRAMEWORK_HEADER = YES;
				CLANG_WARN_RANGE_LOOP_ANALYSIS = YES;
				CLANG_WARN_STRICT_PROTOTYPES = YES;
				CLANG_WARN_SUSPICIOUS_MOVE = YES;
				CLANG_WARN_UNGUARDED_AVAILABILITY = YES_AGGRESSIVE;
				CLANG_WARN_UNREACHABLE_CODE = YES;
				CLANG_WARN__DUPLICATE_METHOD_MATCH = YES;
				COPY_PHASE_STRIP = NO;
				DEAD_CODE_STRIPPING = YES;
				DEBUG_INFORMATION_FORMAT = dwarf;
				ENABLE_STRICT_OBJC_MSGSEND = YES;
				ENABLE_TESTABILITY = YES;
				GCC_C_LANGUAGE_STANDARD = gnu11;
				GCC_DYNAMIC_NO_PIC = NO;
				GCC_NO_COMMON_BLOCKS = YES;
				GCC_OPTIMIZATION_LEVEL = 0;
				GCC_PREPROCESSOR_DEFINITIONS = (
					"DEBUG=1",
					"$(inherited)",
				);
				GCC_WARN_64_TO_32_BIT_CONVERSION = YES;
				GCC_WARN_ABOUT_RETURN_TYPE = YES_ERROR;
				GCC_WARN_UNDECLARED_SELECTOR = YES;
				GCC_WARN_UNINITIALIZED_AUTOS = YES_AGGRESSIVE;
				GCC_WARN_UNUSED_FUNCTION = YES;
				GCC_WARN_UNUSED_VARIABLE = YES;
				MTL_ENABLE_DEBUG_INFO = YES;
				ONLY_ACTIVE_ARCH = YES;
				PRODUCT_NAME = "$(TARGET_NAME)";
			};
			name = Debug;
		};
		7EBED5590FFDBDF234DB7B50 /* Release */ = {
			isa = XCBuildConfiguration;
			buildSettings = {
				ALWAYS_SEARCH_USER_PATHS = NO;
				CLANG_ANALYZER_LOCALIZABILITY_NONLOCALIZED = YES;
				CLANG_ANALYZER_NONNULL = YES;
				CLANG_ANALYZER_NUMBER_OBJECT_CONVERSION = YES_AGGRESSIVE;
				CLANG_CXX_LANGUAGE_STANDARD = "gnu++14";
				CLANG_CXX_LIBRARY = "libc++";
				CLANG_ENABLE_MODULES = YES;
				CLANG_ENABLE_OBJC_ARC = YES;
				CLANG_ENABLE_OBJC_WEAK = YES;
				CLANG_WARN_BLOCK_CAPTURE_AUTORELEASING = YES;
				CLANG_WARN_BOOL_CONVERSION = YES;
				CLANG_WARN_COMMA = YES;
				CLANG_WARN_CONSTANT_CONVERSION = YES;
				CLANG_WARN_DEPRECATED_OBJC_IMPLEMENTATIONS = YES;
				CLANG_WARN_DIRECT_OBJC_ISA_USAGE = YES_ERROR;
				CLANG_WARN_DOCUMENTATION_COMMENTS = YES;
				CLANG_WARN_EMPTY_BODY = YES;
				CLANG_WARN_ENUM_CONVERSION = YES;
				CLANG_WARN_INFINITE_RECURSION = YES;
				CLANG_WARN_INT_CONVERSION = YES;
				CLANG_WARN_NON_LITERAL_NULL_CONVERSION = YES;
				CLANG_WARN_OBJC_IMPLICIT_RETAIN_SELF = YES;
				CLANG_WARN_OBJC_LITERAL_CONVERSION = YES;
				CLANG_WARN_OBJC_ROOT_CLASS = YES_ERROR;
				CLANG_WARN_QUOTED_INCLUDE_IN_FRAMEWORK_HEADER = YES;
				CLANG_WARN_RANGE_LOOP_ANALYSIS = YES;
				CLANG_WARN_STRICT_PROTOTYPES = YES;
				CLANG_WARN_SUSPICIOUS_MOVE = YES;
				CLANG_WARN_UNGUARDED_AVAILABILITY = YES_AGGRESSIVE;
				CLANG_WARN_UNREACHABLE_CODE = YES;
				CLANG_WARN__DUPLICATE_METHOD_MATCH = YES;
				COPY_PHASE_STRIP = NO;
				DEAD_CODE_STRIPPING = YES;
				DEBUG_INFORMATION_FORMAT = "dwarf-with-dsym";
				ENABLE_NS_ASSERTIONS = NO;
				ENABLE_STRICT_OBJC_MSGSEND = YES;
				GCC_C_LANGUAGE_STANDARD = gnu11;
				GCC_NO_COMMON_BLOCKS = YES;
				GCC_WARN_64_TO_32_BIT_CONVERSION = YES;
				GCC_WARN_ABOUT_RETURN_TYPE = YES_ERROR;
				GCC_WARN_UNDECLARED_SELECTOR = YES;
				GCC_WARN_UNINITIALIZED_AUTOS = YES_AGGRESSIVE;
				GCC_WARN_UNUSED_FUNCTION = YES;
				GCC_WARN_UNUSED_VARIABLE = YES;
				MTL_ENABLE_DEBUG_INFO = NO;
				PRODUCT_NAME = "$(TARGET_NAME)";
				VALIDATE_PRODUCT = YES;
			};
			name = Release;
		};
		F5926BB224008F539537CBC4 /* Debug */ = {
			isa = XCBuildConfiguration;
			buildSettings = {
				BUNDLE_LOADER = "$(TEST_HOST)";
				CODE_SIGN_IDENTITY = "iPhone Developer";
				HEADER_SEARCH_PATHS = (
					"$(inherited)",
					"$(SRCROOT)/../../Tuist/.build/checkouts/FSCalendar/FSCalendar/include",
					"$(SRCROOT)/../../Tuist/.build/checkouts/RxSwift/Sources/RxCocoaRuntime/include",
				);
				INFOPLIST_FILE = "Derived/InfoPlists/MyPageDemoAppTests-Info.plist";
				LD_RUNPATH_SEARCH_PATHS = (
					"$(inherited)",
					"@executable_path/Frameworks",
					"@loader_path/Frameworks",
				);
				OTHER_CFLAGS = (
					"$(inherited)",
					"-fmodule-map-file=$(SRCROOT)/../../Tuist/.build/checkouts/FSCalendar/FSCalendar/include/module.modulemap",
					"-fmodule-map-file=$(SRCROOT)/../../Tuist/.build/tuist-derived/RxCocoaRuntime/RxCocoaRuntime.modulemap",
				);
				OTHER_SWIFT_FLAGS = (
					"$(inherited)",
					"-Xcc",
					"-fmodule-map-file=$(SRCROOT)/../../Tuist/.build/checkouts/FSCalendar/FSCalendar/include/module.modulemap",
					"-Xcc",
					"-fmodule-map-file=$(SRCROOT)/../../Tuist/.build/tuist-derived/RxCocoaRuntime/RxCocoaRuntime.modulemap",
				);
				PRODUCT_BUNDLE_IDENTIFIER = io.tuist.MyPageDemoAppTests;
				PRODUCT_NAME = MyPageDemoAppTests;
				SDKROOT = iphoneos;
				SUPPORTS_MACCATALYST = NO;
				SUPPORTS_MAC_DESIGNED_FOR_IPHONE_IPAD = YES;
				SUPPORTS_XR_DESIGNED_FOR_IPHONE_IPAD = NO;
				SWIFT_ACTIVE_COMPILATION_CONDITIONS = (
					"$(inherited)",
					DEBUG,
				);
				SWIFT_COMPILATION_MODE = singlefile;
				SWIFT_OPTIMIZATION_LEVEL = "-Onone";
				SWIFT_VERSION = 5.0;
				TARGETED_DEVICE_FAMILY = "1,2";
				TEST_HOST = "$(BUILT_PRODUCTS_DIR)/MyPageDemoApp.app/$(BUNDLE_EXECUTABLE_FOLDER_PATH)/MyPageDemoApp";
				TEST_TARGET_NAME = MyPageDemoApp;
			};
			name = Debug;
		};
/* End XCBuildConfiguration section */

/* Begin XCConfigurationList section */
		420C0019C4A8156663E87B0A /* Build configuration list for PBXNativeTarget "MyPageDemoAppTests" */ = {
			isa = XCConfigurationList;
			buildConfigurations = (
				F5926BB224008F539537CBC4 /* Debug */,
				6411FB7D370AB35A46759AC3 /* Release */,
			);
			defaultConfigurationIsVisible = 0;
			defaultConfigurationName = Release;
		};
		B7D1C99AA4FB287199412505 /* Build configuration list for PBXProject "MyPageDemoApp" */ = {
			isa = XCConfigurationList;
			buildConfigurations = (
				6AD930E5E36CBE15D6EEF790 /* Debug */,
				7EBED5590FFDBDF234DB7B50 /* Release */,
			);
			defaultConfigurationIsVisible = 0;
			defaultConfigurationName = Release;
		};
		F523D74600E7B2FEE5CF5417 /* Build configuration list for PBXNativeTarget "MyPageDemoApp" */ = {
			isa = XCConfigurationList;
			buildConfigurations = (
				50398C814F68DC62001FBF79 /* Debug */,
				37DB2E7EDCEB311291273E39 /* Release */,
			);
			defaultConfigurationIsVisible = 0;
			defaultConfigurationName = Release;
		};
/* End XCConfigurationList section */
	};
	rootObject = F7C7102BB2A943309E31D2BC /* Project object */;
}
