// !$*UTF8*$!
{
	archiveVersion = 1;
	classes = {
	};
	objectVersion = 56;
	objects = {

/* Begin PBXBuildFile section */
		0E81854D9C2CC55C24DEA5A8 /* SignUpView.swift in Sources */ = {isa = PBXBuildFile; fileRef = 73E4522EABE13359D77758CA /* SignUpView.swift */; };
		21B9DB651F4D3F7DFB5CE055 /* LMTextField.swift in Sources */ = {isa = PBXBuildFile; fileRef = 22C43ED73377A3ADBF7DF855 /* LMTextField.swift */; };
		318A2464888400F05D38B7E5 /* DiaryView.swift in Sources */ = {isa = PBXBuildFile; fileRef = D81F42DF8103F21916D13101 /* DiaryView.swift */; };
		3DE37C9DF3C45F1BE84AB98E /* ChatListCell.swift in Sources */ = {isa = PBXBuildFile; fileRef = CD604E204E1BFC232B5C48AC /* ChatListCell.swift */; };
		416C58AEE5E4491991982CFF /* HomeProgressView.swift in Sources */ = {isa = PBXBuildFile; fileRef = 7CE59FBFD1AAA1B5E7B45FD5 /* HomeProgressView.swift */; };
		43D87B408B5AEBF565104F7E /* SignInView.swift in Sources */ = {isa = PBXBuildFile; fileRef = 7DE79D12719B54383633DF73 /* SignInView.swift */; };
		451E4F690605A30900E088FE /* ChatView.swift in Sources */ = {isa = PBXBuildFile; fileRef = 54D77EBBB5DC07D000BA651F /* ChatView.swift */; };
		473C96577A92DD6F71241A76 /* MyPageView.swift in Sources */ = {isa = PBXBuildFile; fileRef = 9266801EFBA6178C5B70C641 /* MyPageView.swift */; };
		4782805C566E0871101C2B60 /* RxSwift.framework in Frameworks */ = {isa = PBXBuildFile; fileRef = F1321D979BCBEAF892D8C0C8 /* RxSwift.framework */; };
		4950E02CD2F0E415D618CD16 /* Images.xcassets in Resources */ = {isa = PBXBuildFile; fileRef = 5026821CC7DCD8E25C99E1BE /* Images.xcassets */; };
		4A71A59F40DC619E678B1CAD /* RxCocoaRuntime.framework in Frameworks */ = {isa = PBXBuildFile; fileRef = CA4151AAF9C1E241C733FF76 /* RxCocoaRuntime.framework */; };
		537F80B2F39FD73F6F78F9B2 /* HomeView.swift in Sources */ = {isa = PBXBuildFile; fileRef = 47AA88AB7E000E21ED0BD7D8 /* HomeView.swift */; };
		568C33E681D9B58B71273564 /* DiaryTodayView.swift in Sources */ = {isa = PBXBuildFile; fileRef = ACC4F396C35AD4C9F54E4BF6 /* DiaryTodayView.swift */; };
		592FAEA836FD6B4B3F466D72 /* QuizCompleteAlertView.swift in Sources */ = {isa = PBXBuildFile; fileRef = 1591A892B06D329BE11253BC /* QuizCompleteAlertView.swift */; };
		65762CE867888754D56BA2CB /* OptionView.swift in Sources */ = {isa = PBXBuildFile; fileRef = BACC7259FC0C14CB352A4E6B /* OptionView.swift */; };
		65B3402D15A9F06B3E88CE19 /* QuizView.swift in Sources */ = {isa = PBXBuildFile; fileRef = 70367F4314114F624CA9A94B /* QuizView.swift */; };
		70139D721530B3262C44ABC1 /* AnswerView.swift in Sources */ = {isa = PBXBuildFile; fileRef = D089568D67BA41DD38CCFD6B /* AnswerView.swift */; };
		736D1C5EB53FB204B030C397 /* DiaryAddView.swift in Sources */ = {isa = PBXBuildFile; fileRef = 179BF0E6EE3B59F510B8AF40 /* DiaryAddView.swift */; };
		7D319882A302F75CCE46A48C /* HomeQuizView.swift in Sources */ = {isa = PBXBuildFile; fileRef = 39A77FC9A0E2D7F62CA16E90 /* HomeQuizView.swift */; };
		7DC59B80630854028C7C80F4 /* TuistBundle+CommonUI.swift in Sources */ = {isa = PBXBuildFile; fileRef = 94EF204F3CD6F86C6167C300 /* TuistBundle+CommonUI.swift */; };
		8E0E6BDEA9574116ECBD55E4 /* ChatAnalysisView.swift in Sources */ = {isa = PBXBuildFile; fileRef = 963B9323B265D5683B336EF2 /* ChatAnalysisView.swift */; };
		95256BFF2E82F7F900AC3FE1 /* SpellingCategoryColor.swift in Sources */ = {isa = PBXBuildFile; fileRef = 95256BFE2E82F7F800AC3FE1 /* SpellingCategoryColor.swift */; };
		9532C7A92E786B3C00B4BADE /* DiaryLoadingView.swift in Sources */ = {isa = PBXBuildFile; fileRef = 9532C7A82E786B3800B4BADE /* DiaryLoadingView.swift */; };
		956C4D852E76F05000E32F93 /* CalendarView.swift in Sources */ = {isa = PBXBuildFile; fileRef = 956C4D842E76F04A00E32F93 /* CalendarView.swift */; };
		956C4D892E76F0F500E32F93 /* DividerView.swift in Sources */ = {isa = PBXBuildFile; fileRef = 956C4D882E76F0F400E32F93 /* DividerView.swift */; };
		95C68FAB2E7863210017D28B /* DateFormatter.swift in Sources */ = {isa = PBXBuildFile; fileRef = 95C68FAA2E78631D0017D28B /* DateFormatter.swift */; };
		95EDE8D52E7E60CA0091ED75 /* DiaryDetailView.swift in Sources */ = {isa = PBXBuildFile; fileRef = 95EDE8D42E7E60C50091ED75 /* DiaryDetailView.swift */; };
		96EC2CC574B6ED29C83445A2 /* LMButton.swift in Sources */ = {isa = PBXBuildFile; fileRef = 283B461760B2611C637CCD35 /* LMButton.swift */; };
		A08AEF6AF6E193802D530204 /* LMAlert.swift in Sources */ = {isa = PBXBuildFile; fileRef = 195B7F96DD5F38D1EB470427 /* LMAlert.swift */; };
		A8D633A6C67CC42F3E7017EA /* LMInputField.swift in Sources */ = {isa = PBXBuildFile; fileRef = 4D915D93710901915F0E1B11 /* LMInputField.swift */; };
		B9F3C0F9AA675E70FB8ED969 /* UIStackView+Extension.swift in Sources */ = {isa = PBXBuildFile; fileRef = FF3F34507415EC124AF9DCE2 /* UIStackView+Extension.swift */; };
		BAD8B768F782046D4AA1C073 /* RxCocoa.framework in Frameworks */ = {isa = PBXBuildFile; fileRef = F3DE048BEDCB92B48F401061 /* RxCocoa.framework */; };
		BE81B1F3E60D37D75A058D2B /* SnapKit.framework in Frameworks */ = {isa = PBXBuildFile; fileRef = 9CCDC15081A22BAED6318E3E /* SnapKit.framework */; };
		BF78C65BBEB24BF648EA2427 /* ChatMainView.swift in Sources */ = {isa = PBXBuildFile; fileRef = 6AF2493B1FE3475547B1AF00 /* ChatMainView.swift */; };
		C2B0F8237715D14D8797DBC9 /* LoginView.swift in Sources */ = {isa = PBXBuildFile; fileRef = 012F45F908769FA7C3C0792F /* LoginView.swift */; };
		C94951E661D9DC9D28B56273 /* TuistAssets+CommonUI.swift in Sources */ = {isa = PBXBuildFile; fileRef = 6F625FE1E640FBDB817D76A3 /* TuistAssets+CommonUI.swift */; };
		CEADBDD98AC9921C05AAC1DA /* QuizCollectionViewCell.swift in Sources */ = {isa = PBXBuildFile; fileRef = E7A9CE581345578C7C0F1F1A /* QuizCollectionViewCell.swift */; };
		CFB380B298BD58E955349DB3 /* DefaultNavigationBar.swift in Sources */ = {isa = PBXBuildFile; fileRef = C69A8F84966D9255A07CB9B1 /* DefaultNavigationBar.swift */; };
		D5A1FD9A23361E68C449CB95 /* RxRelay.framework in Frameworks */ = {isa = PBXBuildFile; fileRef = DDBA6D35FFEB10E15860DEAA /* RxRelay.framework */; };
		D6F86ADD009EC221F1406E4A /* FSCalendar.framework in Frameworks */ = {isa = PBXBuildFile; fileRef = 051C9BA921E7112E72ED3C05 /* FSCalendar.framework */; };
		DD2A7F27C6902B1F7FB0BC1D /* Colors.xcassets in Resources */ = {isa = PBXBuildFile; fileRef = 2685DC22364927A00A14326C /* Colors.xcassets */; };
		E040692C1AD240D1B76D922B /* Domain.framework in Frameworks */ = {isa = PBXBuildFile; fileRef = D7F071BE47C00467572D4D30 /* Domain.framework */; };
		E055AA66777B1D4CC8C884E4 /* CommonUIAssets.swift in Sources */ = {isa = PBXBuildFile; fileRef = 75EF1CA00DA4B6E64F0CB1F0 /* CommonUIAssets.swift */; };
		E0865F2849CCB89CC83D3B77 /* Coordinator.swift in Sources */ = {isa = PBXBuildFile; fileRef = 27E2803575B1ED3D999440C1 /* Coordinator.swift */; };
		E3FC394B48C90764436677D2 /* ChatDetailView.swift in Sources */ = {isa = PBXBuildFile; fileRef = F36BED5D98EF7591C02D568E /* ChatDetailView.swift */; };
		F151F3B566BCA8E16853B241 /* ChatAnalysisLoadingView.swift in Sources */ = {isa = PBXBuildFile; fileRef = 83D64639CB805B71A9CA6C17 /* ChatAnalysisLoadingView.swift */; };
		F3DA12FF4D18AE405F2F6B08 /* BaseViewController.swift in Sources */ = {isa = PBXBuildFile; fileRef = 09C3D5AB996D321B353C1255 /* BaseViewController.swift */; };
		F8B8A383C8670A714B41F2EE /* DiaryEditView.swift in Sources */ = {isa = PBXBuildFile; fileRef = FDCDDE79ED900C96E8D0EC4A /* DiaryEditView.swift */; };
/* End PBXBuildFile section */

/* Begin PBXCopyFilesBuildPhase section */
		7E5D2362B44E35B4AE269DFE /* Embed Frameworks */ = {
			isa = PBXCopyFilesBuildPhase;
			buildActionMask = 2147483647;
			dstPath = "";
			dstSubfolderSpec = 10;
			files = (
			);
			name = "Embed Frameworks";
			runOnlyForDeploymentPostprocessing = 0;
		};
/* End PBXCopyFilesBuildPhase section */

/* Begin PBXFileReference section */
		012F45F908769FA7C3C0792F /* LoginView.swift */ = {isa = PBXFileReference; lastKnownFileType = sourcecode.swift; path = LoginView.swift; sourceTree = "<group>"; };
		051C9BA921E7112E72ED3C05 /* FSCalendar.framework */ = {isa = PBXFileReference; explicitFileType = wrapper.framework; includeInIndex = 0; path = FSCalendar.framework; sourceTree = BUILT_PRODUCTS_DIR; };
		09C3D5AB996D321B353C1255 /* BaseViewController.swift */ = {isa = PBXFileReference; lastKnownFileType = sourcecode.swift; path = BaseViewController.swift; sourceTree = "<group>"; };
		1591A892B06D329BE11253BC /* QuizCompleteAlertView.swift */ = {isa = PBXFileReference; lastKnownFileType = sourcecode.swift; path = QuizCompleteAlertView.swift; sourceTree = "<group>"; };
		179BF0E6EE3B59F510B8AF40 /* DiaryAddView.swift */ = {isa = PBXFileReference; lastKnownFileType = sourcecode.swift; path = DiaryAddView.swift; sourceTree = "<group>"; };
		195B7F96DD5F38D1EB470427 /* LMAlert.swift */ = {isa = PBXFileReference; lastKnownFileType = sourcecode.swift; path = LMAlert.swift; sourceTree = "<group>"; };
		22C43ED73377A3ADBF7DF855 /* LMTextField.swift */ = {isa = PBXFileReference; lastKnownFileType = sourcecode.swift; path = LMTextField.swift; sourceTree = "<group>"; };
		2685DC22364927A00A14326C /* Colors.xcassets */ = {isa = PBXFileReference; lastKnownFileType = folder.assetcatalog; path = Colors.xcassets; sourceTree = "<group>"; };
		27E2803575B1ED3D999440C1 /* Coordinator.swift */ = {isa = PBXFileReference; lastKnownFileType = sourcecode.swift; path = Coordinator.swift; sourceTree = "<group>"; };
		283B461760B2611C637CCD35 /* LMButton.swift */ = {isa = PBXFileReference; lastKnownFileType = sourcecode.swift; path = LMButton.swift; sourceTree = "<group>"; };
		39A77FC9A0E2D7F62CA16E90 /* HomeQuizView.swift */ = {isa = PBXFileReference; lastKnownFileType = sourcecode.swift; path = HomeQuizView.swift; sourceTree = "<group>"; };
		47AA88AB7E000E21ED0BD7D8 /* HomeView.swift */ = {isa = PBXFileReference; lastKnownFileType = sourcecode.swift; path = HomeView.swift; sourceTree = "<group>"; };
		4D915D93710901915F0E1B11 /* LMInputField.swift */ = {isa = PBXFileReference; lastKnownFileType = sourcecode.swift; path = LMInputField.swift; sourceTree = "<group>"; };
		5026821CC7DCD8E25C99E1BE /* Images.xcassets */ = {isa = PBXFileReference; lastKnownFileType = folder.assetcatalog; path = Images.xcassets; sourceTree = "<group>"; };
		54D77EBBB5DC07D000BA651F /* ChatView.swift */ = {isa = PBXFileReference; lastKnownFileType = sourcecode.swift; path = ChatView.swift; sourceTree = "<group>"; };
		6AF2493B1FE3475547B1AF00 /* ChatMainView.swift */ = {isa = PBXFileReference; lastKnownFileType = sourcecode.swift; path = ChatMainView.swift; sourceTree = "<group>"; };
		6F625FE1E640FBDB817D76A3 /* TuistAssets+CommonUI.swift */ = {isa = PBXFileReference; lastKnownFileType = sourcecode.swift; path = "TuistAssets+CommonUI.swift"; sourceTree = "<group>"; };
		70367F4314114F624CA9A94B /* QuizView.swift */ = {isa = PBXFileReference; lastKnownFileType = sourcecode.swift; path = QuizView.swift; sourceTree = "<group>"; };
		73E4522EABE13359D77758CA /* SignUpView.swift */ = {isa = PBXFileReference; lastKnownFileType = sourcecode.swift; path = SignUpView.swift; sourceTree = "<group>"; };
		75EF1CA00DA4B6E64F0CB1F0 /* CommonUIAssets.swift */ = {isa = PBXFileReference; lastKnownFileType = sourcecode.swift; path = CommonUIAssets.swift; sourceTree = "<group>"; };
		7CE59FBFD1AAA1B5E7B45FD5 /* HomeProgressView.swift */ = {isa = PBXFileReference; lastKnownFileType = sourcecode.swift; path = HomeProgressView.swift; sourceTree = "<group>"; };
		7DE79D12719B54383633DF73 /* SignInView.swift */ = {isa = PBXFileReference; lastKnownFileType = sourcecode.swift; path = SignInView.swift; sourceTree = "<group>"; };
		83D64639CB805B71A9CA6C17 /* ChatAnalysisLoadingView.swift */ = {isa = PBXFileReference; lastKnownFileType = sourcecode.swift; path = ChatAnalysisLoadingView.swift; sourceTree = "<group>"; };
		9266801EFBA6178C5B70C641 /* MyPageView.swift */ = {isa = PBXFileReference; lastKnownFileType = sourcecode.swift; path = MyPageView.swift; sourceTree = "<group>"; };
		94EF204F3CD6F86C6167C300 /* TuistBundle+CommonUI.swift */ = {isa = PBXFileReference; lastKnownFileType = sourcecode.swift; path = "TuistBundle+CommonUI.swift"; sourceTree = "<group>"; };
		95256BFE2E82F7F800AC3FE1 /* SpellingCategoryColor.swift */ = {isa = PBXFileReference; lastKnownFileType = sourcecode.swift; path = SpellingCategoryColor.swift; sourceTree = "<group>"; };
		9532C7A82E786B3800B4BADE /* DiaryLoadingView.swift */ = {isa = PBXFileReference; lastKnownFileType = sourcecode.swift; path = DiaryLoadingView.swift; sourceTree = "<group>"; };
		956C4D842E76F04A00E32F93 /* CalendarView.swift */ = {isa = PBXFileReference; lastKnownFileType = sourcecode.swift; path = CalendarView.swift; sourceTree = "<group>"; };
		956C4D882E76F0F400E32F93 /* DividerView.swift */ = {isa = PBXFileReference; lastKnownFileType = sourcecode.swift; path = DividerView.swift; sourceTree = "<group>"; };
		95C68FAA2E78631D0017D28B /* DateFormatter.swift */ = {isa = PBXFileReference; lastKnownFileType = sourcecode.swift; path = DateFormatter.swift; sourceTree = "<group>"; };
		95EDE8D42E7E60C50091ED75 /* DiaryDetailView.swift */ = {isa = PBXFileReference; lastKnownFileType = sourcecode.swift; path = DiaryDetailView.swift; sourceTree = "<group>"; };
		963B9323B265D5683B336EF2 /* ChatAnalysisView.swift */ = {isa = PBXFileReference; lastKnownFileType = sourcecode.swift; path = ChatAnalysisView.swift; sourceTree = "<group>"; };
		9CCDC15081A22BAED6318E3E /* SnapKit.framework */ = {isa = PBXFileReference; explicitFileType = wrapper.framework; includeInIndex = 0; path = SnapKit.framework; sourceTree = BUILT_PRODUCTS_DIR; };
		ACC4F396C35AD4C9F54E4BF6 /* DiaryTodayView.swift */ = {isa = PBXFileReference; lastKnownFileType = sourcecode.swift; path = DiaryTodayView.swift; sourceTree = "<group>"; };
		BACC7259FC0C14CB352A4E6B /* OptionView.swift */ = {isa = PBXFileReference; lastKnownFileType = sourcecode.swift; path = OptionView.swift; sourceTree = "<group>"; };
		C69A8F84966D9255A07CB9B1 /* DefaultNavigationBar.swift */ = {isa = PBXFileReference; lastKnownFileType = sourcecode.swift; path = DefaultNavigationBar.swift; sourceTree = "<group>"; };
		CA4151AAF9C1E241C733FF76 /* RxCocoaRuntime.framework */ = {isa = PBXFileReference; explicitFileType = wrapper.framework; includeInIndex = 0; path = RxCocoaRuntime.framework; sourceTree = BUILT_PRODUCTS_DIR; };
		CD604E204E1BFC232B5C48AC /* ChatListCell.swift */ = {isa = PBXFileReference; lastKnownFileType = sourcecode.swift; path = ChatListCell.swift; sourceTree = "<group>"; };
		CDBD62030B65AE3A6A7F34D6 /* CommonUI-Info.plist */ = {isa = PBXFileReference; lastKnownFileType = text.plist; path = "CommonUI-Info.plist"; sourceTree = "<group>"; };
		D089568D67BA41DD38CCFD6B /* AnswerView.swift */ = {isa = PBXFileReference; lastKnownFileType = sourcecode.swift; path = AnswerView.swift; sourceTree = "<group>"; };
		D7F071BE47C00467572D4D30 /* Domain.framework */ = {isa = PBXFileReference; explicitFileType = wrapper.framework; includeInIndex = 0; path = Domain.framework; sourceTree = BUILT_PRODUCTS_DIR; };
		D81F42DF8103F21916D13101 /* DiaryView.swift */ = {isa = PBXFileReference; lastKnownFileType = sourcecode.swift; path = DiaryView.swift; sourceTree = "<group>"; };
		DDBA6D35FFEB10E15860DEAA /* RxRelay.framework */ = {isa = PBXFileReference; explicitFileType = wrapper.framework; includeInIndex = 0; path = RxRelay.framework; sourceTree = BUILT_PRODUCTS_DIR; };
		E7A9CE581345578C7C0F1F1A /* QuizCollectionViewCell.swift */ = {isa = PBXFileReference; lastKnownFileType = sourcecode.swift; path = QuizCollectionViewCell.swift; sourceTree = "<group>"; };
		F0F7A08F911F04FE3F6FE36B /* CommonUI.framework */ = {isa = PBXFileReference; explicitFileType = wrapper.framework; includeInIndex = 0; path = CommonUI.framework; sourceTree = BUILT_PRODUCTS_DIR; };
		F1321D979BCBEAF892D8C0C8 /* RxSwift.framework */ = {isa = PBXFileReference; explicitFileType = wrapper.framework; includeInIndex = 0; path = RxSwift.framework; sourceTree = BUILT_PRODUCTS_DIR; };
		F36BED5D98EF7591C02D568E /* ChatDetailView.swift */ = {isa = PBXFileReference; lastKnownFileType = sourcecode.swift; path = ChatDetailView.swift; sourceTree = "<group>"; };
		F3DE048BEDCB92B48F401061 /* RxCocoa.framework */ = {isa = PBXFileReference; explicitFileType = wrapper.framework; includeInIndex = 0; path = RxCocoa.framework; sourceTree = BUILT_PRODUCTS_DIR; };
		FDCDDE79ED900C96E8D0EC4A /* DiaryEditView.swift */ = {isa = PBXFileReference; lastKnownFileType = sourcecode.swift; path = DiaryEditView.swift; sourceTree = "<group>"; };
		FF3F34507415EC124AF9DCE2 /* UIStackView+Extension.swift */ = {isa = PBXFileReference; lastKnownFileType = sourcecode.swift; path = "UIStackView+Extension.swift"; sourceTree = "<group>"; };
/* End PBXFileReference section */

/* Begin PBXFrameworksBuildPhase section */
		019024A9B9C2876B4A2475B2 /* Frameworks */ = {
			isa = PBXFrameworksBuildPhase;
			buildActionMask = 2147483647;
			files = (
				E040692C1AD240D1B76D922B /* Domain.framework in Frameworks */,
				D6F86ADD009EC221F1406E4A /* FSCalendar.framework in Frameworks */,
				BAD8B768F782046D4AA1C073 /* RxCocoa.framework in Frameworks */,
				4A71A59F40DC619E678B1CAD /* RxCocoaRuntime.framework in Frameworks */,
				D5A1FD9A23361E68C449CB95 /* RxRelay.framework in Frameworks */,
				4782805C566E0871101C2B60 /* RxSwift.framework in Frameworks */,
				BE81B1F3E60D37D75A058D2B /* SnapKit.framework in Frameworks */,
			);
			runOnlyForDeploymentPostprocessing = 0;
		};
/* End PBXFrameworksBuildPhase section */

/* Begin PBXGroup section */
		0F49D4827BA050D487C56BDB /* InfoPlists */ = {
			isa = PBXGroup;
			children = (
				CDBD62030B65AE3A6A7F34D6 /* CommonUI-Info.plist */,
			);
			path = InfoPlists;
			sourceTree = "<group>";
		};
		15CD642D82E9115C7976C408 /* Assets */ = {
			isa = PBXGroup;
			children = (
				2685DC22364927A00A14326C /* Colors.xcassets */,
				5026821CC7DCD8E25C99E1BE /* Images.xcassets */,
			);
			path = Assets;
			sourceTree = "<group>";
		};
		1A870CBB14111D272540A935 /* Chat */ = {
			isa = PBXGroup;
			children = (
				83D64639CB805B71A9CA6C17 /* ChatAnalysisLoadingView.swift */,
				963B9323B265D5683B336EF2 /* ChatAnalysisView.swift */,
				F36BED5D98EF7591C02D568E /* ChatDetailView.swift */,
				CD604E204E1BFC232B5C48AC /* ChatListCell.swift */,
				6AF2493B1FE3475547B1AF00 /* ChatMainView.swift */,
				54D77EBBB5DC07D000BA651F /* ChatView.swift */,
			);
			path = Chat;
			sourceTree = "<group>";
		};
		2DBBCE824C7AA1459F0CEA0F /* Enum */ = {
			isa = PBXGroup;
			children = (
				95256BFE2E82F7F800AC3FE1 /* SpellingCategoryColor.swift */,
				75EF1CA00DA4B6E64F0CB1F0 /* CommonUIAssets.swift */,
			);
			path = Enum;
			sourceTree = "<group>";
		};
		45816E8E783249B256914008 /* Extension */ = {
			isa = PBXGroup;
			children = (
				FF3F34507415EC124AF9DCE2 /* UIStackView+Extension.swift */,
			);
			path = Extension;
			sourceTree = "<group>";
		};
		4F020027E0FF96E7A77E5F05 /* Login */ = {
			isa = PBXGroup;
			children = (
				012F45F908769FA7C3C0792F /* LoginView.swift */,
				7DE79D12719B54383633DF73 /* SignInView.swift */,
				73E4522EABE13359D77758CA /* SignUpView.swift */,
			);
			path = Login;
			sourceTree = "<group>";
		};
		532B9EC7299244FE28190921 /* Coordinator */ = {
			isa = PBXGroup;
			children = (
				27E2803575B1ED3D999440C1 /* Coordinator.swift */,
			);
			path = Coordinator;
			sourceTree = "<group>";
		};
		6C37E0F3E17EB24142CC8AA4 /* Project */ = {
			isa = PBXGroup;
			children = (
				ED0A8ABB0829010226C84076 /* Derived */,
				BADD047B94176A526A5B7FB2 /* Sources */,
			);
			name = Project;
			sourceTree = "<group>";
		};
		7F5AEF3C3719E8689E7AF017 /* Navigation */ = {
			isa = PBXGroup;
			children = (
				C69A8F84966D9255A07CB9B1 /* DefaultNavigationBar.swift */,
			);
			path = Navigation;
			sourceTree = "<group>";
		};
		88FA467F361B11350139B775 /* Base */ = {
			isa = PBXGroup;
			children = (
				09C3D5AB996D321B353C1255 /* BaseViewController.swift */,
			);
			path = Base;
			sourceTree = "<group>";
		};
		956C4D942E78623D00E32F93 /* Formatter */ = {
			isa = PBXGroup;
			children = (
				95C68FAA2E78631D0017D28B /* DateFormatter.swift */,
			);
			path = Formatter;
			sourceTree = "<group>";
		};
		9786E1056828B1E6D5EDAB7C /* View */ = {
			isa = PBXGroup;
			children = (
				1A870CBB14111D272540A935 /* Chat */,
				A4CE5E0046457BDF29D0FDBE /* Diary */,
				DFA6DB2905DB98838A8AEA6F /* Home */,
				4F020027E0FF96E7A77E5F05 /* Login */,
				7F5AEF3C3719E8689E7AF017 /* Navigation */,
				9266801EFBA6178C5B70C641 /* MyPageView.swift */,
			);
			path = View;
			sourceTree = "<group>";
		};
		A4CE5E0046457BDF29D0FDBE /* Diary */ = {
			isa = PBXGroup;
			children = (
				D81F42DF8103F21916D13101 /* DiaryView.swift */,
				956C4D842E76F04A00E32F93 /* CalendarView.swift */,
				179BF0E6EE3B59F510B8AF40 /* DiaryAddView.swift */,
				FDCDDE79ED900C96E8D0EC4A /* DiaryEditView.swift */,
				9532C7A82E786B3800B4BADE /* DiaryLoadingView.swift */,
				95EDE8D42E7E60C50091ED75 /* DiaryDetailView.swift */,
				ACC4F396C35AD4C9F54E4BF6 /* DiaryTodayView.swift */,
			);
			path = Diary;
			sourceTree = "<group>";
		};
		B7342C91FB26C6BB1D507B58 = {
			isa = PBXGroup;
			children = (
				6C37E0F3E17EB24142CC8AA4 /* Project */,
				E9599493962ACA9F628F96AD /* Products */,
			);
			sourceTree = "<group>";
		};
		BADD047B94176A526A5B7FB2 /* Sources */ = {
			isa = PBXGroup;
			children = (
				956C4D942E78623D00E32F93 /* Formatter */,
				15CD642D82E9115C7976C408 /* Assets */,
				88FA467F361B11350139B775 /* Base */,
				BCBFE28A82364D98B26F502F /* Component */,
				532B9EC7299244FE28190921 /* Coordinator */,
				2DBBCE824C7AA1459F0CEA0F /* Enum */,
				45816E8E783249B256914008 /* Extension */,
				9786E1056828B1E6D5EDAB7C /* View */,
			);
			path = Sources;
			sourceTree = "<group>";
		};
		BCBFE28A82364D98B26F502F /* Component */ = {
			isa = PBXGroup;
			children = (
				956C4D882E76F0F400E32F93 /* DividerView.swift */,
				195B7F96DD5F38D1EB470427 /* LMAlert.swift */,
				283B461760B2611C637CCD35 /* LMButton.swift */,
				4D915D93710901915F0E1B11 /* LMInputField.swift */,
				22C43ED73377A3ADBF7DF855 /* LMTextField.swift */,
			);
			path = Component;
			sourceTree = "<group>";
		};
		DFA6DB2905DB98838A8AEA6F /* Home */ = {
			isa = PBXGroup;
			children = (
				D089568D67BA41DD38CCFD6B /* AnswerView.swift */,
				7CE59FBFD1AAA1B5E7B45FD5 /* HomeProgressView.swift */,
				39A77FC9A0E2D7F62CA16E90 /* HomeQuizView.swift */,
				47AA88AB7E000E21ED0BD7D8 /* HomeView.swift */,
				BACC7259FC0C14CB352A4E6B /* OptionView.swift */,
				E7A9CE581345578C7C0F1F1A /* QuizCollectionViewCell.swift */,
				1591A892B06D329BE11253BC /* QuizCompleteAlertView.swift */,
				70367F4314114F624CA9A94B /* QuizView.swift */,
			);
			path = Home;
			sourceTree = "<group>";
		};
		E9599493962ACA9F628F96AD /* Products */ = {
			isa = PBXGroup;
			children = (
				F0F7A08F911F04FE3F6FE36B /* CommonUI.framework */,
				D7F071BE47C00467572D4D30 /* Domain.framework */,
				051C9BA921E7112E72ED3C05 /* FSCalendar.framework */,
				F3DE048BEDCB92B48F401061 /* RxCocoa.framework */,
				CA4151AAF9C1E241C733FF76 /* RxCocoaRuntime.framework */,
				DDBA6D35FFEB10E15860DEAA /* RxRelay.framework */,
				F1321D979BCBEAF892D8C0C8 /* RxSwift.framework */,
				9CCDC15081A22BAED6318E3E /* SnapKit.framework */,
			);
			name = Products;
			sourceTree = "<group>";
		};
		ED0A8ABB0829010226C84076 /* Derived */ = {
			isa = PBXGroup;
			children = (
				0F49D4827BA050D487C56BDB /* InfoPlists */,
				FD4BF00B0AE4D6F21A22093D /* Sources */,
			);
			path = Derived;
			sourceTree = "<group>";
		};
		FD4BF00B0AE4D6F21A22093D /* Sources */ = {
			isa = PBXGroup;
			children = (
				6F625FE1E640FBDB817D76A3 /* TuistAssets+CommonUI.swift */,
				94EF204F3CD6F86C6167C300 /* TuistBundle+CommonUI.swift */,
			);
			path = Sources;
			sourceTree = "<group>";
		};
/* End PBXGroup section */

/* Begin PBXNativeTarget section */
		CFD7DEB690E20277121FAD5C /* CommonUI */ = {
			isa = PBXNativeTarget;
			buildConfigurationList = C1AED4BFC5CCF862DE9E868E /* Build configuration list for PBXNativeTarget "CommonUI" */;
			buildPhases = (
				CA007B15C97B01A9EAFEDFD9 /* Sources */,
				CB6B4419FC4745B0E87B8C68 /* Resources */,
				019024A9B9C2876B4A2475B2 /* Frameworks */,
				7E5D2362B44E35B4AE269DFE /* Embed Frameworks */,
			);
			buildRules = (
			);
			dependencies = (
			);
			name = CommonUI;
			packageProductDependencies = (
			);
			productName = CommonUI;
			productReference = F0F7A08F911F04FE3F6FE36B /* CommonUI.framework */;
			productType = "com.apple.product-type.framework";
		};
/* End PBXNativeTarget section */

/* Begin PBXProject section */
		C67E63A1F9DE3A88CFB79F4C /* Project object */ = {
			isa = PBXProject;
			attributes = {
				BuildIndependentTargetsInParallel = YES;
			};
			buildConfigurationList = 26B57D5F96290632B0503228 /* Build configuration list for PBXProject "CommonUI" */;
			compatibilityVersion = "Xcode 14.0";
			developmentRegion = en;
			hasScannedForEncodings = 0;
			knownRegions = (
				Base,
				en,
			);
			mainGroup = B7342C91FB26C6BB1D507B58;
			productRefGroup = E9599493962ACA9F628F96AD /* Products */;
			projectDirPath = "";
			projectRoot = "";
			targets = (
				CFD7DEB690E20277121FAD5C /* CommonUI */,
			);
		};
/* End PBXProject section */

/* Begin PBXResourcesBuildPhase section */
		CB6B4419FC4745B0E87B8C68 /* Resources */ = {
			isa = PBXResourcesBuildPhase;
			buildActionMask = 2147483647;
			files = (
				DD2A7F27C6902B1F7FB0BC1D /* Colors.xcassets in Resources */,
				4950E02CD2F0E415D618CD16 /* Images.xcassets in Resources */,
			);
			runOnlyForDeploymentPostprocessing = 0;
		};
/* End PBXResourcesBuildPhase section */

/* Begin PBXSourcesBuildPhase section */
		CA007B15C97B01A9EAFEDFD9 /* Sources */ = {
			isa = PBXSourcesBuildPhase;
			buildActionMask = 2147483647;
			files = (
				C94951E661D9DC9D28B56273 /* TuistAssets+CommonUI.swift in Sources */,
				7DC59B80630854028C7C80F4 /* TuistBundle+CommonUI.swift in Sources */,
				F3DA12FF4D18AE405F2F6B08 /* BaseViewController.swift in Sources */,
				A08AEF6AF6E193802D530204 /* LMAlert.swift in Sources */,
				96EC2CC574B6ED29C83445A2 /* LMButton.swift in Sources */,
				A8D633A6C67CC42F3E7017EA /* LMInputField.swift in Sources */,
				21B9DB651F4D3F7DFB5CE055 /* LMTextField.swift in Sources */,
				E0865F2849CCB89CC83D3B77 /* Coordinator.swift in Sources */,
				E055AA66777B1D4CC8C884E4 /* CommonUIAssets.swift in Sources */,
				95256BFF2E82F7F900AC3FE1 /* SpellingCategoryColor.swift in Sources */,
				956C4D852E76F05000E32F93 /* CalendarView.swift in Sources */,
				B9F3C0F9AA675E70FB8ED969 /* UIStackView+Extension.swift in Sources */,
				F151F3B566BCA8E16853B241 /* ChatAnalysisLoadingView.swift in Sources */,
				8E0E6BDEA9574116ECBD55E4 /* ChatAnalysisView.swift in Sources */,
				E3FC394B48C90764436677D2 /* ChatDetailView.swift in Sources */,
				3DE37C9DF3C45F1BE84AB98E /* ChatListCell.swift in Sources */,
				BF78C65BBEB24BF648EA2427 /* ChatMainView.swift in Sources */,
				451E4F690605A30900E088FE /* ChatView.swift in Sources */,
				736D1C5EB53FB204B030C397 /* DiaryAddView.swift in Sources */,
				9532C7A92E786B3C00B4BADE /* DiaryLoadingView.swift in Sources */,
				F8B8A383C8670A714B41F2EE /* DiaryEditView.swift in Sources */,
				95EDE8D52E7E60CA0091ED75 /* DiaryDetailView.swift in Sources */,
				568C33E681D9B58B71273564 /* DiaryTodayView.swift in Sources */,
				318A2464888400F05D38B7E5 /* DiaryView.swift in Sources */,
				956C4D892E76F0F500E32F93 /* DividerView.swift in Sources */,
				70139D721530B3262C44ABC1 /* AnswerView.swift in Sources */,
				416C58AEE5E4491991982CFF /* HomeProgressView.swift in Sources */,
				7D319882A302F75CCE46A48C /* HomeQuizView.swift in Sources */,
				537F80B2F39FD73F6F78F9B2 /* HomeView.swift in Sources */,
				65762CE867888754D56BA2CB /* OptionView.swift in Sources */,
				95C68FAB2E7863210017D28B /* DateFormatter.swift in Sources */,
				CEADBDD98AC9921C05AAC1DA /* QuizCollectionViewCell.swift in Sources */,
				592FAEA836FD6B4B3F466D72 /* QuizCompleteAlertView.swift in Sources */,
				65B3402D15A9F06B3E88CE19 /* QuizView.swift in Sources */,
				C2B0F8237715D14D8797DBC9 /* LoginView.swift in Sources */,
				43D87B408B5AEBF565104F7E /* SignInView.swift in Sources */,
				0E81854D9C2CC55C24DEA5A8 /* SignUpView.swift in Sources */,
				473C96577A92DD6F71241A76 /* MyPageView.swift in Sources */,
				CFB380B298BD58E955349DB3 /* DefaultNavigationBar.swift in Sources */,
			);
			runOnlyForDeploymentPostprocessing = 0;
		};
/* End PBXSourcesBuildPhase section */

/* Begin XCBuildConfiguration section */
		0E4E1CF27F4999888314DD6E /* Release */ = {
			isa = XCBuildConfiguration;
			buildSettings = {
				CODE_SIGN_IDENTITY = "";
				CURRENT_PROJECT_VERSION = 1;
				DEFINES_MODULE = YES;
				DYLIB_COMPATIBILITY_VERSION = 1;
				DYLIB_CURRENT_VERSION = 1;
				DYLIB_INSTALL_NAME_BASE = "@rpath";
				HEADER_SEARCH_PATHS = (
					"$(inherited)",
					"$(SRCROOT)/../../Tuist/.build/checkouts/FSCalendar/FSCalendar/include",
					"$(SRCROOT)/../../Tuist/.build/checkouts/RxSwift/Sources/RxCocoaRuntime/include",
				);
				INFOPLIST_FILE = "Derived/InfoPlists/CommonUI-Info.plist";
				INSTALL_PATH = "$(LOCAL_LIBRARY_DIR)/Frameworks";
				LD_RUNPATH_SEARCH_PATHS = (
					"$(inherited)",
					"@executable_path/Frameworks",
					"@loader_path/Frameworks",
				);
				OTHER_CFLAGS = (
					"$(inherited)",
					"-fmodule-map-file=$(SRCROOT)/../../Tuist/.build/checkouts/FSCalendar/FSCalendar/include/module.modulemap",
					"-fmodule-map-file=$(SRCROOT)/../../Tuist/.build/tuist-derived/RxCocoaRuntime/RxCocoaRuntime.modulemap",
				);
				OTHER_SWIFT_FLAGS = "$(inherited) -Xcc -fmodule-map-file=$(SRCROOT)/../../Tuist/.build/checkouts/FSCalendar/FSCalendar/include/module.modulemap -Xcc -fmodule-map-file=$(SRCROOT)/../../Tuist/.build/tuist-derived/RxCocoaRuntime/RxCocoaRuntime.modulemap";
				PRODUCT_BUNDLE_IDENTIFIER = io.tuist.CommonUI;
				PRODUCT_NAME = CommonUI;
				SDKROOT = iphoneos;
				SKIP_INSTALL = YES;
				SUPPORTS_MACCATALYST = NO;
				SUPPORTS_MAC_DESIGNED_FOR_IPHONE_IPAD = YES;
				SUPPORTS_XR_DESIGNED_FOR_IPHONE_IPAD = NO;
				SWIFT_COMPILATION_MODE = wholemodule;
				SWIFT_OPTIMIZATION_LEVEL = "-O";
				SWIFT_VERSION = 5.0;
				TARGETED_DEVICE_FAMILY = "1,2";
				VERSIONING_SYSTEM = "apple-generic";
				VERSION_INFO_PREFIX = "";
			};
			name = Release;
		};
		2356568DA9065EA61F6C326C /* Release */ = {
			isa = XCBuildConfiguration;
			buildSettings = {
				ALWAYS_SEARCH_USER_PATHS = NO;
				CLANG_ANALYZER_LOCALIZABILITY_NONLOCALIZED = YES;
				CLANG_ANALYZER_NONNULL = YES;
				CLANG_ANALYZER_NUMBER_OBJECT_CONVERSION = YES_AGGRESSIVE;
				CLANG_CXX_LANGUAGE_STANDARD = "gnu++14";
				CLANG_CXX_LIBRARY = "libc++";
				CLANG_ENABLE_MODULES = YES;
				CLANG_ENABLE_OBJC_ARC = YES;
				CLANG_ENABLE_OBJC_WEAK = YES;
				CLANG_WARN_BLOCK_CAPTURE_AUTORELEASING = YES;
				CLANG_WARN_BOOL_CONVERSION = YES;
				CLANG_WARN_COMMA = YES;
				CLANG_WARN_CONSTANT_CONVERSION = YES;
				CLANG_WARN_DEPRECATED_OBJC_IMPLEMENTATIONS = YES;
				CLANG_WARN_DIRECT_OBJC_ISA_USAGE = YES_ERROR;
				CLANG_WARN_DOCUMENTATION_COMMENTS = YES;
				CLANG_WARN_EMPTY_BODY = YES;
				CLANG_WARN_ENUM_CONVERSION = YES;
				CLANG_WARN_INFINITE_RECURSION = YES;
				CLANG_WARN_INT_CONVERSION = YES;
				CLANG_WARN_NON_LITERAL_NULL_CONVERSION = YES;
				CLANG_WARN_OBJC_IMPLICIT_RETAIN_SELF = YES;
				CLANG_WARN_OBJC_LITERAL_CONVERSION = YES;
				CLANG_WARN_OBJC_ROOT_CLASS = YES_ERROR;
				CLANG_WARN_QUOTED_INCLUDE_IN_FRAMEWORK_HEADER = YES;
				CLANG_WARN_RANGE_LOOP_ANALYSIS = YES;
				CLANG_WARN_STRICT_PROTOTYPES = YES;
				CLANG_WARN_SUSPICIOUS_MOVE = YES;
				CLANG_WARN_UNGUARDED_AVAILABILITY = YES_AGGRESSIVE;
				CLANG_WARN_UNREACHABLE_CODE = YES;
				CLANG_WARN__DUPLICATE_METHOD_MATCH = YES;
				COPY_PHASE_STRIP = NO;
				DEAD_CODE_STRIPPING = YES;
				DEBUG_INFORMATION_FORMAT = "dwarf-with-dsym";
				ENABLE_NS_ASSERTIONS = NO;
				ENABLE_STRICT_OBJC_MSGSEND = YES;
				GCC_C_LANGUAGE_STANDARD = gnu11;
				GCC_NO_COMMON_BLOCKS = YES;
				GCC_WARN_64_TO_32_BIT_CONVERSION = YES;
				GCC_WARN_ABOUT_RETURN_TYPE = YES_ERROR;
				GCC_WARN_UNDECLARED_SELECTOR = YES;
				GCC_WARN_UNINITIALIZED_AUTOS = YES_AGGRESSIVE;
				GCC_WARN_UNUSED_FUNCTION = YES;
				GCC_WARN_UNUSED_VARIABLE = YES;
				MTL_ENABLE_DEBUG_INFO = NO;
				PRODUCT_NAME = "$(TARGET_NAME)";
				VALIDATE_PRODUCT = YES;
			};
			name = Release;
		};
		80E77F13FB31D98A578B4C4D /* Debug */ = {
			isa = XCBuildConfiguration;
			buildSettings = {
				CODE_SIGN_IDENTITY = "";
				CURRENT_PROJECT_VERSION = 1;
				DEFINES_MODULE = YES;
				DYLIB_COMPATIBILITY_VERSION = 1;
				DYLIB_CURRENT_VERSION = 1;
				DYLIB_INSTALL_NAME_BASE = "@rpath";
				HEADER_SEARCH_PATHS = (
					"$(inherited)",
					"$(SRCROOT)/../../Tuist/.build/checkouts/FSCalendar/FSCalendar/include",
					"$(SRCROOT)/../../Tuist/.build/checkouts/RxSwift/Sources/RxCocoaRuntime/include",
				);
				INFOPLIST_FILE = "Derived/InfoPlists/CommonUI-Info.plist";
				INSTALL_PATH = "$(LOCAL_LIBRARY_DIR)/Frameworks";
				LD_RUNPATH_SEARCH_PATHS = (
					"$(inherited)",
					"@executable_path/Frameworks",
					"@loader_path/Frameworks",
				);
				OTHER_CFLAGS = (
					"$(inherited)",
					"-fmodule-map-file=$(SRCROOT)/../../Tuist/.build/checkouts/FSCalendar/FSCalendar/include/module.modulemap",
					"-fmodule-map-file=$(SRCROOT)/../../Tuist/.build/tuist-derived/RxCocoaRuntime/RxCocoaRuntime.modulemap",
				);
				OTHER_SWIFT_FLAGS = "$(inherited) -Xcc -fmodule-map-file=$(SRCROOT)/../../Tuist/.build/checkouts/FSCalendar/FSCalendar/include/module.modulemap -Xcc -fmodule-map-file=$(SRCROOT)/../../Tuist/.build/tuist-derived/RxCocoaRuntime/RxCocoaRuntime.modulemap";
				PRODUCT_BUNDLE_IDENTIFIER = io.tuist.CommonUI;
				PRODUCT_NAME = CommonUI;
				SDKROOT = iphoneos;
				SKIP_INSTALL = YES;
				SUPPORTS_MACCATALYST = NO;
				SUPPORTS_MAC_DESIGNED_FOR_IPHONE_IPAD = YES;
				SUPPORTS_XR_DESIGNED_FOR_IPHONE_IPAD = NO;
				SWIFT_ACTIVE_COMPILATION_CONDITIONS = "$(inherited) DEBUG";
				SWIFT_COMPILATION_MODE = singlefile;
				SWIFT_OPTIMIZATION_LEVEL = "-Onone";
				SWIFT_VERSION = 5.0;
				TARGETED_DEVICE_FAMILY = "1,2";
				VERSIONING_SYSTEM = "apple-generic";
				VERSION_INFO_PREFIX = "";
			};
			name = Debug;
		};
		97D3BBAC2BAA043EAC284BF9 /* Debug */ = {
			isa = XCBuildConfiguration;
			buildSettings = {
				ALWAYS_SEARCH_USER_PATHS = NO;
				CLANG_ANALYZER_LOCALIZABILITY_NONLOCALIZED = YES;
				CLANG_ANALYZER_NONNULL = YES;
				CLANG_ANALYZER_NUMBER_OBJECT_CONVERSION = YES_AGGRESSIVE;
				CLANG_CXX_LANGUAGE_STANDARD = "gnu++14";
				CLANG_CXX_LIBRARY = "libc++";
				CLANG_ENABLE_MODULES = YES;
				CLANG_ENABLE_OBJC_ARC = YES;
				CLANG_ENABLE_OBJC_WEAK = YES;
				CLANG_WARN_BLOCK_CAPTURE_AUTORELEASING = YES;
				CLANG_WARN_BOOL_CONVERSION = YES;
				CLANG_WARN_COMMA = YES;
				CLANG_WARN_CONSTANT_CONVERSION = YES;
				CLANG_WARN_DEPRECATED_OBJC_IMPLEMENTATIONS = YES;
				CLANG_WARN_DIRECT_OBJC_ISA_USAGE = YES_ERROR;
				CLANG_WARN_DOCUMENTATION_COMMENTS = YES;
				CLANG_WARN_EMPTY_BODY = YES;
				CLANG_WARN_ENUM_CONVERSION = YES;
				CLANG_WARN_INFINITE_RECURSION = YES;
				CLANG_WARN_INT_CONVERSION = YES;
				CLANG_WARN_NON_LITERAL_NULL_CONVERSION = YES;
				CLANG_WARN_OBJC_IMPLICIT_RETAIN_SELF = YES;
				CLANG_WARN_OBJC_LITERAL_CONVERSION = YES;
				CLANG_WARN_OBJC_ROOT_CLASS = YES_ERROR;
				CLANG_WARN_QUOTED_INCLUDE_IN_FRAMEWORK_HEADER = YES;
				CLANG_WARN_RANGE_LOOP_ANALYSIS = YES;
				CLANG_WARN_STRICT_PROTOTYPES = YES;
				CLANG_WARN_SUSPICIOUS_MOVE = YES;
				CLANG_WARN_UNGUARDED_AVAILABILITY = YES_AGGRESSIVE;
				CLANG_WARN_UNREACHABLE_CODE = YES;
				CLANG_WARN__DUPLICATE_METHOD_MATCH = YES;
				COPY_PHASE_STRIP = NO;
				DEAD_CODE_STRIPPING = YES;
				DEBUG_INFORMATION_FORMAT = dwarf;
				ENABLE_STRICT_OBJC_MSGSEND = YES;
				ENABLE_TESTABILITY = YES;
				GCC_C_LANGUAGE_STANDARD = gnu11;
				GCC_DYNAMIC_NO_PIC = NO;
				GCC_NO_COMMON_BLOCKS = YES;
				GCC_OPTIMIZATION_LEVEL = 0;
				GCC_PREPROCESSOR_DEFINITIONS = (
					"DEBUG=1",
					"$(inherited)",
				);
				GCC_WARN_64_TO_32_BIT_CONVERSION = YES;
				GCC_WARN_ABOUT_RETURN_TYPE = YES_ERROR;
				GCC_WARN_UNDECLARED_SELECTOR = YES;
				GCC_WARN_UNINITIALIZED_AUTOS = YES_AGGRESSIVE;
				GCC_WARN_UNUSED_FUNCTION = YES;
				GCC_WARN_UNUSED_VARIABLE = YES;
				MTL_ENABLE_DEBUG_INFO = YES;
				ONLY_ACTIVE_ARCH = YES;
				PRODUCT_NAME = "$(TARGET_NAME)";
			};
			name = Debug;
		};
/* End XCBuildConfiguration section */

/* Begin XCConfigurationList section */
		26B57D5F96290632B0503228 /* Build configuration list for PBXProject "CommonUI" */ = {
			isa = XCConfigurationList;
			buildConfigurations = (
				97D3BBAC2BAA043EAC284BF9 /* Debug */,
				2356568DA9065EA61F6C326C /* Release */,
			);
			defaultConfigurationIsVisible = 0;
			defaultConfigurationName = Release;
		};
		C1AED4BFC5CCF862DE9E868E /* Build configuration list for PBXNativeTarget "CommonUI" */ = {
			isa = XCConfigurationList;
			buildConfigurations = (
				80E77F13FB31D98A578B4C4D /* Debug */,
				0E4E1CF27F4999888314DD6E /* Release */,
			);
			defaultConfigurationIsVisible = 0;
			defaultConfigurationName = Release;
		};
/* End XCConfigurationList section */
	};
	rootObject = C67E63A1F9DE3A88CFB79F4C /* Project object */;
}
